// !$*UTF8*$!
{
	archiveVersion = 1;
	classes = {
	};
	objectVersion = 48;
	objects = {

/* Begin PBXBuildFile section */
		4B42ACEAF25B26CF599B724C /* Pods_Woander.framework in Frameworks */ = {isa = PBXBuildFile; fileRef = 14757C6CCF29F5A1E6FFA61A /* Pods_Woander.framework */; };
		A0F0379B641F77EAD5FDFB9B /* Pods_WoanderTests.framework in Frameworks */ = {isa = PBXBuildFile; fileRef = D8B847137DDBDB954FEE8B43 /* Pods_WoanderTests.framework */; };
		C4A3E6991FB9BF2500567836 /* AppDelegate.swift in Sources */ = {isa = PBXBuildFile; fileRef = C4A3E6981FB9BF2500567836 /* AppDelegate.swift */; };
		C4A3E69B1FB9BF2500567836 /* MapVC.swift in Sources */ = {isa = PBXBuildFile; fileRef = C4A3E69A1FB9BF2500567836 /* MapVC.swift */; };
		C4A3E6A01FB9BF2500567836 /* Assets.xcassets in Resources */ = {isa = PBXBuildFile; fileRef = C4A3E69F1FB9BF2500567836 /* Assets.xcassets */; };
		C4A3E6A31FB9BF2500567836 /* LaunchScreen.storyboard in Resources */ = {isa = PBXBuildFile; fileRef = C4A3E6A11FB9BF2500567836 /* LaunchScreen.storyboard */; };
		C4A3E6AE1FB9BF2600567836 /* WoanderTests.swift in Sources */ = {isa = PBXBuildFile; fileRef = C4A3E6AD1FB9BF2600567836 /* WoanderTests.swift */; };
		C4A3E6C11FB9E52100567836 /* AuthVC.swift in Sources */ = {isa = PBXBuildFile; fileRef = C4A3E6C01FB9E52100567836 /* AuthVC.swift */; };
		C4A3E6C31FB9EBAB00567836 /* Main.storyboard in Resources */ = {isa = PBXBuildFile; fileRef = C4A3E6C21FB9EBAB00567836 /* Main.storyboard */; };
		C4A3E6C51FB9F1A400567836 /* UItextefieldExt.swift in Sources */ = {isa = PBXBuildFile; fileRef = C4A3E6C41FB9F1A400567836 /* UItextefieldExt.swift */; };
		C4A3E6C71FB9F3D300567836 /* AuthService.swift in Sources */ = {isa = PBXBuildFile; fileRef = C4A3E6C61FB9F3D300567836 /* AuthService.swift */; };
		C4A3E6C91FB9F68800567836 /* DataService.swift in Sources */ = {isa = PBXBuildFile; fileRef = C4A3E6C81FB9F68800567836 /* DataService.swift */; };
		C4B4FEC020515CE600BC4B8F /* GoogleService-Info.plist in Resources */ = {isa = PBXBuildFile; fileRef = C4B4FEBF20515CE600BC4B8F /* GoogleService-Info.plist */; };
		C4C35DCF1FBDC44500292BBE /* PostView.xib in Resources */ = {isa = PBXBuildFile; fileRef = C4C35DCE1FBDC44500292BBE /* PostView.xib */; };
		C4C35DD11FBDD06000292BBE /* MapMarkerWindow.swift in Sources */ = {isa = PBXBuildFile; fileRef = C4C35DD01FBDD06000292BBE /* MapMarkerWindow.swift */; };
		C4D232D420567883000D5A83 /* ARVC.swift in Sources */ = {isa = PBXBuildFile; fileRef = C4D232D320567883000D5A83 /* ARVC.swift */; };
		C4D9A69A1FBC51AD00557629 /* NewMapVC.swift in Sources */ = {isa = PBXBuildFile; fileRef = C4D9A6991FBC51AD00557629 /* NewMapVC.swift */; };
/* End PBXBuildFile section */

/* Begin PBXContainerItemProxy section */
		C4A3E6AA1FB9BF2500567836 /* PBXContainerItemProxy */ = {
			isa = PBXContainerItemProxy;
			containerPortal = C4A3E68D1FB9BF2500567836 /* Project object */;
			proxyType = 1;
			remoteGlobalIDString = C4A3E6941FB9BF2500567836;
			remoteInfo = Woander;
		};
/* End PBXContainerItemProxy section */

/* Begin PBXFileReference section */
		14757C6CCF29F5A1E6FFA61A /* Pods_Woander.framework */ = {isa = PBXFileReference; explicitFileType = wrapper.framework; includeInIndex = 0; path = Pods_Woander.framework; sourceTree = BUILT_PRODUCTS_DIR; };
		5C7BB5DE7FCD06725F7F9827 /* Pods-Woander.release.xcconfig */ = {isa = PBXFileReference; includeInIndex = 1; lastKnownFileType = text.xcconfig; name = "Pods-Woander.release.xcconfig"; path = "Pods/Target Support Files/Pods-Woander/Pods-Woander.release.xcconfig"; sourceTree = "<group>"; };
		7E4721CD6D1BD779379BD001 /* Pods-Woander.debug.xcconfig */ = {isa = PBXFileReference; includeInIndex = 1; lastKnownFileType = text.xcconfig; name = "Pods-Woander.debug.xcconfig"; path = "Pods/Target Support Files/Pods-Woander/Pods-Woander.debug.xcconfig"; sourceTree = "<group>"; };
		C4A3E6951FB9BF2500567836 /* Woander.app */ = {isa = PBXFileReference; explicitFileType = wrapper.application; includeInIndex = 0; path = Woander.app; sourceTree = BUILT_PRODUCTS_DIR; };
		C4A3E6981FB9BF2500567836 /* AppDelegate.swift */ = {isa = PBXFileReference; lastKnownFileType = sourcecode.swift; path = AppDelegate.swift; sourceTree = "<group>"; };
		C4A3E69A1FB9BF2500567836 /* MapVC.swift */ = {isa = PBXFileReference; lastKnownFileType = sourcecode.swift; path = MapVC.swift; sourceTree = "<group>"; };
		C4A3E69F1FB9BF2500567836 /* Assets.xcassets */ = {isa = PBXFileReference; lastKnownFileType = folder.assetcatalog; path = Assets.xcassets; sourceTree = "<group>"; };
		C4A3E6A21FB9BF2500567836 /* Base */ = {isa = PBXFileReference; lastKnownFileType = file.storyboard; name = Base; path = Base.lproj/LaunchScreen.storyboard; sourceTree = "<group>"; };
		C4A3E6A41FB9BF2500567836 /* Info.plist */ = {isa = PBXFileReference; lastKnownFileType = text.plist.xml; path = Info.plist; sourceTree = "<group>"; };
		C4A3E6A91FB9BF2500567836 /* WoanderTests.xctest */ = {isa = PBXFileReference; explicitFileType = wrapper.cfbundle; includeInIndex = 0; path = WoanderTests.xctest; sourceTree = BUILT_PRODUCTS_DIR; };
		C4A3E6AD1FB9BF2600567836 /* WoanderTests.swift */ = {isa = PBXFileReference; lastKnownFileType = sourcecode.swift; path = WoanderTests.swift; sourceTree = "<group>"; };
		C4A3E6AF1FB9BF2600567836 /* Info.plist */ = {isa = PBXFileReference; lastKnownFileType = text.plist.xml; path = Info.plist; sourceTree = "<group>"; };
		C4A3E6C01FB9E52100567836 /* AuthVC.swift */ = {isa = PBXFileReference; lastKnownFileType = sourcecode.swift; path = AuthVC.swift; sourceTree = "<group>"; };
		C4A3E6C21FB9EBAB00567836 /* Main.storyboard */ = {isa = PBXFileReference; fileEncoding = 4; lastKnownFileType = file.storyboard; path = Main.storyboard; sourceTree = "<group>"; };
		C4A3E6C41FB9F1A400567836 /* UItextefieldExt.swift */ = {isa = PBXFileReference; lastKnownFileType = sourcecode.swift; path = UItextefieldExt.swift; sourceTree = "<group>"; };
		C4A3E6C61FB9F3D300567836 /* AuthService.swift */ = {isa = PBXFileReference; lastKnownFileType = sourcecode.swift; path = AuthService.swift; sourceTree = "<group>"; };
		C4A3E6C81FB9F68800567836 /* DataService.swift */ = {isa = PBXFileReference; lastKnownFileType = sourcecode.swift; path = DataService.swift; sourceTree = "<group>"; };
		C4B4FEBF20515CE600BC4B8F /* GoogleService-Info.plist */ = {isa = PBXFileReference; fileEncoding = 4; lastKnownFileType = text.plist.xml; name = "GoogleService-Info.plist"; path = "../../../Downloads/GoogleService-Info.plist"; sourceTree = "<group>"; };
		C4B4FEC120515CE900BC4B8F /* GoogleService-Info.plist */ = {isa = PBXFileReference; lastKnownFileType = text.plist.xml; path = "GoogleService-Info.plist"; sourceTree = "<group>"; };
		C4C35DCE1FBDC44500292BBE /* PostView.xib */ = {isa = PBXFileReference; lastKnownFileType = file.xib; path = PostView.xib; sourceTree = "<group>"; };
		C4C35DD01FBDD06000292BBE /* MapMarkerWindow.swift */ = {isa = PBXFileReference; lastKnownFileType = sourcecode.swift; path = MapMarkerWindow.swift; sourceTree = "<group>"; };
		C4D232D320567883000D5A83 /* ARVC.swift */ = {isa = PBXFileReference; lastKnownFileType = sourcecode.swift; path = ARVC.swift; sourceTree = "<group>"; };
		C4D9A6991FBC51AD00557629 /* NewMapVC.swift */ = {isa = PBXFileReference; lastKnownFileType = sourcecode.swift; path = NewMapVC.swift; sourceTree = "<group>"; };
		D8B847137DDBDB954FEE8B43 /* Pods_WoanderTests.framework */ = {isa = PBXFileReference; explicitFileType = wrapper.framework; includeInIndex = 0; path = Pods_WoanderTests.framework; sourceTree = BUILT_PRODUCTS_DIR; };
		E8A37A97C69D71E126FBADCC /* Pods-WoanderTests.release.xcconfig */ = {isa = PBXFileReference; includeInIndex = 1; lastKnownFileType = text.xcconfig; name = "Pods-WoanderTests.release.xcconfig"; path = "Pods/Target Support Files/Pods-WoanderTests/Pods-WoanderTests.release.xcconfig"; sourceTree = "<group>"; };
		F9243ACA52051AAD6AFE7C8D /* Pods-WoanderTests.debug.xcconfig */ = {isa = PBXFileReference; includeInIndex = 1; lastKnownFileType = text.xcconfig; name = "Pods-WoanderTests.debug.xcconfig"; path = "Pods/Target Support Files/Pods-WoanderTests/Pods-WoanderTests.debug.xcconfig"; sourceTree = "<group>"; };
/* End PBXFileReference section */

/* Begin PBXFrameworksBuildPhase section */
		C4A3E6921FB9BF2500567836 /* Frameworks */ = {
			isa = PBXFrameworksBuildPhase;
			buildActionMask = 2147483647;
			files = (
				4B42ACEAF25B26CF599B724C /* Pods_Woander.framework in Frameworks */,
			);
			runOnlyForDeploymentPostprocessing = 0;
		};
		C4A3E6A61FB9BF2500567836 /* Frameworks */ = {
			isa = PBXFrameworksBuildPhase;
			buildActionMask = 2147483647;
			files = (
				A0F0379B641F77EAD5FDFB9B /* Pods_WoanderTests.framework in Frameworks */,
			);
			runOnlyForDeploymentPostprocessing = 0;
		};
/* End PBXFrameworksBuildPhase section */

/* Begin PBXGroup section */
		0D0A534B067F6ACA48C9A33B /* Pods */ = {
			isa = PBXGroup;
			children = (
				7E4721CD6D1BD779379BD001 /* Pods-Woander.debug.xcconfig */,
				5C7BB5DE7FCD06725F7F9827 /* Pods-Woander.release.xcconfig */,
				F9243ACA52051AAD6AFE7C8D /* Pods-WoanderTests.debug.xcconfig */,
				E8A37A97C69D71E126FBADCC /* Pods-WoanderTests.release.xcconfig */,
			);
			name = Pods;
			sourceTree = "<group>";
		};
		C4A3E68C1FB9BF2500567836 = {
			isa = PBXGroup;
			children = (
				C4A3E6971FB9BF2500567836 /* Woander */,
				C4A3E6AC1FB9BF2500567836 /* WoanderTests */,
				C4A3E6961FB9BF2500567836 /* Products */,
				0D0A534B067F6ACA48C9A33B /* Pods */,
				D06FA69E397AF73CD0337E46 /* Frameworks */,
			);
			sourceTree = "<group>";
		};
		C4A3E6961FB9BF2500567836 /* Products */ = {
			isa = PBXGroup;
			children = (
				C4A3E6951FB9BF2500567836 /* Woander.app */,
				C4A3E6A91FB9BF2500567836 /* WoanderTests.xctest */,
			);
			name = Products;
			sourceTree = "<group>";
		};
		C4A3E6971FB9BF2500567836 /* Woander */ = {
			isa = PBXGroup;
			children = (
				C4A3E6BB1FB9CDCC00567836 /* Services */,
				C4A3E6BF1FB9CDEF00567836 /* Controller */,
				C4A3E6BE1FB9CDE600567836 /* View */,
				C4A3E6BD1FB9CDDF00567836 /* Model */,
				C4A3E6BC1FB9CDD700567836 /* Extensions */,
				C4A3E6981FB9BF2500567836 /* AppDelegate.swift */,
				C4A3E6C21FB9EBAB00567836 /* Main.storyboard */,
				C4A3E69F1FB9BF2500567836 /* Assets.xcassets */,
				C4A3E6A11FB9BF2500567836 /* LaunchScreen.storyboard */,
				C4A3E6A41FB9BF2500567836 /* Info.plist */,
				C4B4FEC120515CE900BC4B8F /* GoogleService-Info.plist */,
			);
			path = Woander;
			sourceTree = "<group>";
		};
		C4A3E6AC1FB9BF2500567836 /* WoanderTests */ = {
			isa = PBXGroup;
			children = (
				C4A3E6AD1FB9BF2600567836 /* WoanderTests.swift */,
				C4A3E6AF1FB9BF2600567836 /* Info.plist */,
				C4B4FEBF20515CE600BC4B8F /* GoogleService-Info.plist */,
			);
			path = WoanderTests;
			sourceTree = "<group>";
		};
		C4A3E6BB1FB9CDCC00567836 /* Services */ = {
			isa = PBXGroup;
			children = (
				C4A3E6C61FB9F3D300567836 /* AuthService.swift */,
				C4A3E6C81FB9F68800567836 /* DataService.swift */,
			);
			path = Services;
			sourceTree = "<group>";
		};
		C4A3E6BC1FB9CDD700567836 /* Extensions */ = {
			isa = PBXGroup;
			children = (
				C4A3E6C41FB9F1A400567836 /* UItextefieldExt.swift */,
			);
			path = Extensions;
			sourceTree = "<group>";
		};
		C4A3E6BD1FB9CDDF00567836 /* Model */ = {
			isa = PBXGroup;
			children = (
				4E95BF2E2052FE7100925D8A /* Post.swift */,
			);
			path = Model;
			sourceTree = "<group>";
		};
		C4A3E6BE1FB9CDE600567836 /* View */ = {
			isa = PBXGroup;
			children = (
				C4C35DCE1FBDC44500292BBE /* PostView.xib */,
				C4C35DD01FBDD06000292BBE /* MapMarkerWindow.swift */,
			);
			path = View;
			sourceTree = "<group>";
		};
		C4A3E6BF1FB9CDEF00567836 /* Controller */ = {
			isa = PBXGroup;
			children = (
				C4A3E69A1FB9BF2500567836 /* MapVC.swift */,
				C4A3E6C01FB9E52100567836 /* AuthVC.swift */,
				C4D9A6991FBC51AD00557629 /* NewMapVC.swift */,
				C4D232D320567883000D5A83 /* ARVC.swift */,
			);
			path = Controller;
			sourceTree = "<group>";
		};
		D06FA69E397AF73CD0337E46 /* Frameworks */ = {
			isa = PBXGroup;
			children = (
				14757C6CCF29F5A1E6FFA61A /* Pods_Woander.framework */,
				D8B847137DDBDB954FEE8B43 /* Pods_WoanderTests.framework */,
			);
			name = Frameworks;
			sourceTree = "<group>";
		};
/* End PBXGroup section */

/* Begin PBXNativeTarget section */
		C4A3E6941FB9BF2500567836 /* Woander */ = {
			isa = PBXNativeTarget;
			buildConfigurationList = C4A3E6B21FB9BF2600567836 /* Build configuration list for PBXNativeTarget "Woander" */;
			buildPhases = (
				7334228115C2A98E0F0753D1 /* [CP] Check Pods Manifest.lock */,
				C4A3E6911FB9BF2500567836 /* Sources */,
				C4A3E6921FB9BF2500567836 /* Frameworks */,
				C4A3E6931FB9BF2500567836 /* Resources */,
				A8132F75D99405C33CDAF466 /* [CP] Embed Pods Frameworks */,
				4404CCECC6449A137AB986CA /* [CP] Copy Pods Resources */,
			);
			buildRules = (
			);
			dependencies = (
			);
			name = Woander;
			productName = Woander;
			productReference = C4A3E6951FB9BF2500567836 /* Woander.app */;
			productType = "com.apple.product-type.application";
		};
		C4A3E6A81FB9BF2500567836 /* WoanderTests */ = {
			isa = PBXNativeTarget;
			buildConfigurationList = C4A3E6B51FB9BF2600567836 /* Build configuration list for PBXNativeTarget "WoanderTests" */;
			buildPhases = (
				9EACBAFF53DBA01E4A255B08 /* [CP] Check Pods Manifest.lock */,
				C4A3E6A51FB9BF2500567836 /* Sources */,
				C4A3E6A61FB9BF2500567836 /* Frameworks */,
				C4A3E6A71FB9BF2500567836 /* Resources */,
				6642832AAF82B68B8CF5C3B7 /* [CP] Embed Pods Frameworks */,
				7833F78A7923B3322AA401F9 /* [CP] Copy Pods Resources */,
			);
			buildRules = (
			);
			dependencies = (
				C4A3E6AB1FB9BF2500567836 /* PBXTargetDependency */,
			);
			name = WoanderTests;
			productName = WoanderTests;
			productReference = C4A3E6A91FB9BF2500567836 /* WoanderTests.xctest */;
			productType = "com.apple.product-type.bundle.unit-test";
		};
/* End PBXNativeTarget section */

/* Begin PBXProject section */
		C4A3E68D1FB9BF2500567836 /* Project object */ = {
			isa = PBXProject;
			attributes = {
				LastSwiftUpdateCheck = 0910;
				LastUpgradeCheck = 0910;
				ORGANIZATIONNAME = "robin ustarroz";
				TargetAttributes = {
					C4A3E6941FB9BF2500567836 = {
						CreatedOnToolsVersion = 9.1;
						LastSwiftMigration = 0920;
						ProvisioningStyle = Automatic;
					};
					C4A3E6A81FB9BF2500567836 = {
						CreatedOnToolsVersion = 9.1;
						ProvisioningStyle = Automatic;
						TestTargetID = C4A3E6941FB9BF2500567836;
					};
				};
			};
			buildConfigurationList = C4A3E6901FB9BF2500567836 /* Build configuration list for PBXProject "Woander" */;
			compatibilityVersion = "Xcode 8.0";
			developmentRegion = en;
			hasScannedForEncodings = 0;
			knownRegions = (
				en,
				Base,
			);
			mainGroup = C4A3E68C1FB9BF2500567836;
			productRefGroup = C4A3E6961FB9BF2500567836 /* Products */;
			projectDirPath = "";
			projectRoot = "";
			targets = (
				C4A3E6941FB9BF2500567836 /* Woander */,
				C4A3E6A81FB9BF2500567836 /* WoanderTests */,
			);
		};
/* End PBXProject section */

/* Begin PBXResourcesBuildPhase section */
		C4A3E6931FB9BF2500567836 /* Resources */ = {
			isa = PBXResourcesBuildPhase;
			buildActionMask = 2147483647;
			files = (
				C4A3E6A31FB9BF2500567836 /* LaunchScreen.storyboard in Resources */,
				C4A3E6A01FB9BF2500567836 /* Assets.xcassets in Resources */,
				C4B4FEC020515CE600BC4B8F /* GoogleService-Info.plist in Resources */,
				C4C35DCF1FBDC44500292BBE /* PostView.xib in Resources */,
				C4A3E6C31FB9EBAB00567836 /* Main.storyboard in Resources */,
			);
			runOnlyForDeploymentPostprocessing = 0;
		};
		C4A3E6A71FB9BF2500567836 /* Resources */ = {
			isa = PBXResourcesBuildPhase;
			buildActionMask = 2147483647;
			files = (
			);
			runOnlyForDeploymentPostprocessing = 0;
		};
/* End PBXResourcesBuildPhase section */

/* Begin PBXShellScriptBuildPhase section */
		4404CCECC6449A137AB986CA /* [CP] Copy Pods Resources */ = {
			isa = PBXShellScriptBuildPhase;
			buildActionMask = 2147483647;
			files = (
			);
			inputPaths = (
				"${SRCROOT}/Pods/Target Support Files/Pods-Woander/Pods-Woander-resources.sh",
				"${PODS_ROOT}/GoogleMaps/Maps/Frameworks/GoogleMaps.framework/Resources/GoogleMaps.bundle",
				"${PODS_ROOT}/GooglePlaces/Frameworks/GooglePlaces.framework/Resources/GooglePlaces.bundle",
			);
			name = "[CP] Copy Pods Resources";
			outputPaths = (
				"${TARGET_BUILD_DIR}/${UNLOCALIZED_RESOURCES_FOLDER_PATH}/GoogleMaps.bundle",
				"${TARGET_BUILD_DIR}/${UNLOCALIZED_RESOURCES_FOLDER_PATH}/GooglePlaces.bundle",
			);
			runOnlyForDeploymentPostprocessing = 0;
			shellPath = /bin/sh;
			shellScript = "\"${SRCROOT}/Pods/Target Support Files/Pods-Woander/Pods-Woander-resources.sh\"\n";
			showEnvVarsInLog = 0;
		};
		6642832AAF82B68B8CF5C3B7 /* [CP] Embed Pods Frameworks */ = {
			isa = PBXShellScriptBuildPhase;
			buildActionMask = 2147483647;
			files = (
			);
			inputPaths = (
			);
			name = "[CP] Embed Pods Frameworks";
			outputPaths = (
			);
			runOnlyForDeploymentPostprocessing = 0;
			shellPath = /bin/sh;
			shellScript = "\"${SRCROOT}/Pods/Target Support Files/Pods-WoanderTests/Pods-WoanderTests-frameworks.sh\"\n";
			showEnvVarsInLog = 0;
		};
		7334228115C2A98E0F0753D1 /* [CP] Check Pods Manifest.lock */ = {
			isa = PBXShellScriptBuildPhase;
			buildActionMask = 2147483647;
			files = (
			);
			inputPaths = (
				"${PODS_PODFILE_DIR_PATH}/Podfile.lock",
				"${PODS_ROOT}/Manifest.lock",
			);
			name = "[CP] Check Pods Manifest.lock";
			outputPaths = (
				"$(DERIVED_FILE_DIR)/Pods-Woander-checkManifestLockResult.txt",
			);
			runOnlyForDeploymentPostprocessing = 0;
			shellPath = /bin/sh;
			shellScript = "diff \"${PODS_PODFILE_DIR_PATH}/Podfile.lock\" \"${PODS_ROOT}/Manifest.lock\" > /dev/null\nif [ $? != 0 ] ; then\n    # print error to STDERR\n    echo \"error: The sandbox is not in sync with the Podfile.lock. Run 'pod install' or update your CocoaPods installation.\" >&2\n    exit 1\nfi\n# This output is used by Xcode 'outputs' to avoid re-running this script phase.\necho \"SUCCESS\" > \"${SCRIPT_OUTPUT_FILE_0}\"\n";
			showEnvVarsInLog = 0;
		};
		7833F78A7923B3322AA401F9 /* [CP] Copy Pods Resources */ = {
			isa = PBXShellScriptBuildPhase;
			buildActionMask = 2147483647;
			files = (
			);
			inputPaths = (
			);
			name = "[CP] Copy Pods Resources";
			outputPaths = (
			);
			runOnlyForDeploymentPostprocessing = 0;
			shellPath = /bin/sh;
			shellScript = "\"${SRCROOT}/Pods/Target Support Files/Pods-WoanderTests/Pods-WoanderTests-resources.sh\"\n";
			showEnvVarsInLog = 0;
		};
		9EACBAFF53DBA01E4A255B08 /* [CP] Check Pods Manifest.lock */ = {
			isa = PBXShellScriptBuildPhase;
			buildActionMask = 2147483647;
			files = (
			);
			inputPaths = (
				"${PODS_PODFILE_DIR_PATH}/Podfile.lock",
				"${PODS_ROOT}/Manifest.lock",
			);
			name = "[CP] Check Pods Manifest.lock";
			outputPaths = (
				"$(DERIVED_FILE_DIR)/Pods-WoanderTests-checkManifestLockResult.txt",
			);
			runOnlyForDeploymentPostprocessing = 0;
			shellPath = /bin/sh;
			shellScript = "diff \"${PODS_PODFILE_DIR_PATH}/Podfile.lock\" \"${PODS_ROOT}/Manifest.lock\" > /dev/null\nif [ $? != 0 ] ; then\n    # print error to STDERR\n    echo \"error: The sandbox is not in sync with the Podfile.lock. Run 'pod install' or update your CocoaPods installation.\" >&2\n    exit 1\nfi\n# This output is used by Xcode 'outputs' to avoid re-running this script phase.\necho \"SUCCESS\" > \"${SCRIPT_OUTPUT_FILE_0}\"\n";
			showEnvVarsInLog = 0;
		};
		A8132F75D99405C33CDAF466 /* [CP] Embed Pods Frameworks */ = {
			isa = PBXShellScriptBuildPhase;
			buildActionMask = 2147483647;
			files = (
			);
			inputPaths = (
				"${SRCROOT}/Pods/Target Support Files/Pods-Woander/Pods-Woander-frameworks.sh",
				"${BUILT_PRODUCTS_DIR}/GTMSessionFetcher/GTMSessionFetcher.framework",
				"${BUILT_PRODUCTS_DIR}/GoogleToolboxForMac/GoogleToolboxForMac.framework",
				"${BUILT_PRODUCTS_DIR}/leveldb-library/leveldb.framework",
				"${BUILT_PRODUCTS_DIR}/nanopb/nanopb.framework",
			);
			name = "[CP] Embed Pods Frameworks";
			outputPaths = (
				"${TARGET_BUILD_DIR}/${FRAMEWORKS_FOLDER_PATH}/GTMSessionFetcher.framework",
				"${TARGET_BUILD_DIR}/${FRAMEWORKS_FOLDER_PATH}/GoogleToolboxForMac.framework",
				"${TARGET_BUILD_DIR}/${FRAMEWORKS_FOLDER_PATH}/leveldb.framework",
				"${TARGET_BUILD_DIR}/${FRAMEWORKS_FOLDER_PATH}/nanopb.framework",
			);
			runOnlyForDeploymentPostprocessing = 0;
			shellPath = /bin/sh;
			shellScript = "\"${SRCROOT}/Pods/Target Support Files/Pods-Woander/Pods-Woander-frameworks.sh\"\n";
			showEnvVarsInLog = 0;
		};
/* End PBXShellScriptBuildPhase section */

/* Begin PBXSourcesBuildPhase section */
		C4A3E6911FB9BF2500567836 /* Sources */ = {
			isa = PBXSourcesBuildPhase;
			buildActionMask = 2147483647;
			files = (
				C4A3E6C51FB9F1A400567836 /* UItextefieldExt.swift in Sources */,
				C4D9A69A1FBC51AD00557629 /* NewMapVC.swift in Sources */,
				C4A3E6C11FB9E52100567836 /* AuthVC.swift in Sources */,
				C4D232D420567883000D5A83 /* ARVC.swift in Sources */,
				C4A3E6C71FB9F3D300567836 /* AuthService.swift in Sources */,
				C4A3E6C91FB9F68800567836 /* DataService.swift in Sources */,
				C4A3E69B1FB9BF2500567836 /* MapVC.swift in Sources */,
				4E95BF2F2052FE7100925D8A /* Post.swift in Sources */,
				C4C35DD11FBDD06000292BBE /* MapMarkerWindow.swift in Sources */,
				C4A3E6991FB9BF2500567836 /* AppDelegate.swift in Sources */,
			);
			runOnlyForDeploymentPostprocessing = 0;
		};
		C4A3E6A51FB9BF2500567836 /* Sources */ = {
			isa = PBXSourcesBuildPhase;
			buildActionMask = 2147483647;
			files = (
				C4A3E6AE1FB9BF2600567836 /* WoanderTests.swift in Sources */,
			);
			runOnlyForDeploymentPostprocessing = 0;
		};
/* End PBXSourcesBuildPhase section */

/* Begin PBXTargetDependency section */
		C4A3E6AB1FB9BF2500567836 /* PBXTargetDependency */ = {
			isa = PBXTargetDependency;
			target = C4A3E6941FB9BF2500567836 /* Woander */;
			targetProxy = C4A3E6AA1FB9BF2500567836 /* PBXContainerItemProxy */;
		};
/* End PBXTargetDependency section */

/* Begin PBXVariantGroup section */
		C4A3E6A11FB9BF2500567836 /* LaunchScreen.storyboard */ = {
			isa = PBXVariantGroup;
			children = (
				C4A3E6A21FB9BF2500567836 /* Base */,
			);
			name = LaunchScreen.storyboard;
			sourceTree = "<group>";
		};
/* End PBXVariantGroup section */

/* Begin XCBuildConfiguration section */
		C4A3E6B01FB9BF2600567836 /* Debug */ = {
			isa = XCBuildConfiguration;
			buildSettings = {
				ALWAYS_SEARCH_USER_PATHS = NO;
				CLANG_ANALYZER_NONNULL = YES;
				CLANG_ANALYZER_NUMBER_OBJECT_CONVERSION = YES_AGGRESSIVE;
				CLANG_CXX_LANGUAGE_STANDARD = "gnu++14";
				CLANG_CXX_LIBRARY = "libc++";
				CLANG_ENABLE_MODULES = YES;
				CLANG_ENABLE_OBJC_ARC = YES;
				CLANG_WARN_BLOCK_CAPTURE_AUTORELEASING = YES;
				CLANG_WARN_BOOL_CONVERSION = YES;
				CLANG_WARN_COMMA = YES;
				CLANG_WARN_CONSTANT_CONVERSION = YES;
				CLANG_WARN_DIRECT_OBJC_ISA_USAGE = YES_ERROR;
				CLANG_WARN_DOCUMENTATION_COMMENTS = YES;
				CLANG_WARN_EMPTY_BODY = YES;
				CLANG_WARN_ENUM_CONVERSION = YES;
				CLANG_WARN_INFINITE_RECURSION = YES;
				CLANG_WARN_INT_CONVERSION = YES;
				CLANG_WARN_NON_LITERAL_NULL_CONVERSION = YES;
				CLANG_WARN_OBJC_LITERAL_CONVERSION = YES;
				CLANG_WARN_OBJC_ROOT_CLASS = YES_ERROR;
				CLANG_WARN_RANGE_LOOP_ANALYSIS = YES;
				CLANG_WARN_STRICT_PROTOTYPES = YES;
				CLANG_WARN_SUSPICIOUS_MOVE = YES;
				CLANG_WARN_UNGUARDED_AVAILABILITY = YES_AGGRESSIVE;
				CLANG_WARN_UNREACHABLE_CODE = YES;
				CLANG_WARN__DUPLICATE_METHOD_MATCH = YES;
				CODE_SIGN_IDENTITY = "iPhone Developer";
				COPY_PHASE_STRIP = NO;
				DEBUG_INFORMATION_FORMAT = dwarf;
				ENABLE_STRICT_OBJC_MSGSEND = YES;
				ENABLE_TESTABILITY = YES;
				GCC_C_LANGUAGE_STANDARD = gnu11;
				GCC_DYNAMIC_NO_PIC = NO;
				GCC_NO_COMMON_BLOCKS = YES;
				GCC_OPTIMIZATION_LEVEL = 0;
				GCC_PREPROCESSOR_DEFINITIONS = (
					"DEBUG=1",
					"$(inherited)",
				);
				GCC_WARN_64_TO_32_BIT_CONVERSION = YES;
				GCC_WARN_ABOUT_RETURN_TYPE = YES_ERROR;
				GCC_WARN_UNDECLARED_SELECTOR = YES;
				GCC_WARN_UNINITIALIZED_AUTOS = YES_AGGRESSIVE;
				GCC_WARN_UNUSED_FUNCTION = YES;
				GCC_WARN_UNUSED_VARIABLE = YES;
				IPHONEOS_DEPLOYMENT_TARGET = 11.1;
				MTL_ENABLE_DEBUG_INFO = YES;
				ONLY_ACTIVE_ARCH = YES;
				SDKROOT = iphoneos;
				SWIFT_ACTIVE_COMPILATION_CONDITIONS = DEBUG;
				SWIFT_OPTIMIZATION_LEVEL = "-Onone";
			};
			name = Debug;
		};
		C4A3E6B11FB9BF2600567836 /* Release */ = {
			isa = XCBuildConfiguration;
			buildSettings = {
				ALWAYS_SEARCH_USER_PATHS = NO;
				CLANG_ANALYZER_NONNULL = YES;
				CLANG_ANALYZER_NUMBER_OBJECT_CONVERSION = YES_AGGRESSIVE;
				CLANG_CXX_LANGUAGE_STANDARD = "gnu++14";
				CLANG_CXX_LIBRARY = "libc++";
				CLANG_ENABLE_MODULES = YES;
				CLANG_ENABLE_OBJC_ARC = YES;
				CLANG_WARN_BLOCK_CAPTURE_AUTORELEASING = YES;
				CLANG_WARN_BOOL_CONVERSION = YES;
				CLANG_WARN_COMMA = YES;
				CLANG_WARN_CONSTANT_CONVERSION = YES;
				CLANG_WARN_DIRECT_OBJC_ISA_USAGE = YES_ERROR;
				CLANG_WARN_DOCUMENTATION_COMMENTS = YES;
				CLANG_WARN_EMPTY_BODY = YES;
				CLANG_WARN_ENUM_CONVERSION = YES;
				CLANG_WARN_INFINITE_RECURSION = YES;
				CLANG_WARN_INT_CONVERSION = YES;
				CLANG_WARN_NON_LITERAL_NULL_CONVERSION = YES;
				CLANG_WARN_OBJC_LITERAL_CONVERSION = YES;
				CLANG_WARN_OBJC_ROOT_CLASS = YES_ERROR;
				CLANG_WARN_RANGE_LOOP_ANALYSIS = YES;
				CLANG_WARN_STRICT_PROTOTYPES = YES;
				CLANG_WARN_SUSPICIOUS_MOVE = YES;
				CLANG_WARN_UNGUARDED_AVAILABILITY = YES_AGGRESSIVE;
				CLANG_WARN_UNREACHABLE_CODE = YES;
				CLANG_WARN__DUPLICATE_METHOD_MATCH = YES;
				CODE_SIGN_IDENTITY = "iPhone Developer";
				COPY_PHASE_STRIP = NO;
				DEBUG_INFORMATION_FORMAT = "dwarf-with-dsym";
				ENABLE_NS_ASSERTIONS = NO;
				ENABLE_STRICT_OBJC_MSGSEND = YES;
				GCC_C_LANGUAGE_STANDARD = gnu11;
				GCC_NO_COMMON_BLOCKS = YES;
				GCC_WARN_64_TO_32_BIT_CONVERSION = YES;
				GCC_WARN_ABOUT_RETURN_TYPE = YES_ERROR;
				GCC_WARN_UNDECLARED_SELECTOR = YES;
				GCC_WARN_UNINITIALIZED_AUTOS = YES_AGGRESSIVE;
				GCC_WARN_UNUSED_FUNCTION = YES;
				GCC_WARN_UNUSED_VARIABLE = YES;
				IPHONEOS_DEPLOYMENT_TARGET = 11.1;
				MTL_ENABLE_DEBUG_INFO = NO;
				SDKROOT = iphoneos;
				SWIFT_OPTIMIZATION_LEVEL = "-Owholemodule";
				VALIDATE_PRODUCT = YES;
			};
			name = Release;
		};
		C4A3E6B31FB9BF2600567836 /* Debug */ = {
			isa = XCBuildConfiguration;
			baseConfigurationReference = 7E4721CD6D1BD779379BD001 /* Pods-Woander.debug.xcconfig */;
			buildSettings = {
				ASSETCATALOG_COMPILER_APPICON_NAME = AppIcon;
				CLANG_ENABLE_MODULES = YES;
				CODE_SIGN_STYLE = Automatic;
				DEVELOPMENT_TEAM = ZKTAG8422V;
				INFOPLIST_FILE = Woander/Info.plist;
				LD_RUNPATH_SEARCH_PATHS = "$(inherited) @executable_path/Frameworks";
				PRODUCT_BUNDLE_IDENTIFIER = robin.Woander;
				PRODUCT_NAME = "$(TARGET_NAME)";
				SWIFT_OBJC_BRIDGING_HEADER = "Woander/Controller/Woander-Bridging-Header.h";
				SWIFT_OPTIMIZATION_LEVEL = "-Onone";
				SWIFT_VERSION = 4.0;
				TARGETED_DEVICE_FAMILY = "1,2";
			};
			name = Debug;
		};
		C4A3E6B41FB9BF2600567836 /* Release */ = {
			isa = XCBuildConfiguration;
			baseConfigurationReference = 5C7BB5DE7FCD06725F7F9827 /* Pods-Woander.release.xcconfig */;
			buildSettings = {
				ASSETCATALOG_COMPILER_APPICON_NAME = AppIcon;
				CLANG_ENABLE_MODULES = YES;
				CODE_SIGN_STYLE = Automatic;
				DEVELOPMENT_TEAM = ZKTAG8422V;
				INFOPLIST_FILE = Woander/Info.plist;
				LD_RUNPATH_SEARCH_PATHS = "$(inherited) @executable_path/Frameworks";
				PRODUCT_BUNDLE_IDENTIFIER = robin.Woander;
				PRODUCT_NAME = "$(TARGET_NAME)";
				SWIFT_OBJC_BRIDGING_HEADER = "Woander/Controller/Woander-Bridging-Header.h";
				SWIFT_VERSION = 4.0;
				TARGETED_DEVICE_FAMILY = "1,2";
			};
			name = Release;
		};
		C4A3E6B61FB9BF2600567836 /* Debug */ = {
			isa = XCBuildConfiguration;
			baseConfigurationReference = F9243ACA52051AAD6AFE7C8D /* Pods-WoanderTests.debug.xcconfig */;
			buildSettings = {
				ALWAYS_EMBED_SWIFT_STANDARD_LIBRARIES = YES;
				BUNDLE_LOADER = "$(TEST_HOST)";
				CODE_SIGN_STYLE = Automatic;
				DEVELOPMENT_TEAM = ZKTAG8422V;
				INFOPLIST_FILE = WoanderTests/Info.plist;
				LD_RUNPATH_SEARCH_PATHS = "$(inherited) @executable_path/Frameworks @loader_path/Frameworks";
				PRODUCT_BUNDLE_IDENTIFIER = robin.WoanderTests;
				PRODUCT_NAME = "$(TARGET_NAME)";
				SWIFT_VERSION = 4.0;
				TARGETED_DEVICE_FAMILY = "1,2";
				TEST_HOST = "$(BUILT_PRODUCTS_DIR)/Woander.app/Woander";
			};
			name = Debug;
		};
		C4A3E6B71FB9BF2600567836 /* Release */ = {
			isa = XCBuildConfiguration;
			baseConfigurationReference = E8A37A97C69D71E126FBADCC /* Pods-WoanderTests.release.xcconfig */;
			buildSettings = {
				ALWAYS_EMBED_SWIFT_STANDARD_LIBRARIES = YES;
				BUNDLE_LOADER = "$(TEST_HOST)";
				CODE_SIGN_STYLE = Automatic;
				DEVELOPMENT_TEAM = ZKTAG8422V;
				INFOPLIST_FILE = WoanderTests/Info.plist;
				LD_RUNPATH_SEARCH_PATHS = "$(inherited) @executable_path/Frameworks @loader_path/Frameworks";
				PRODUCT_BUNDLE_IDENTIFIER = robin.WoanderTests;
				PRODUCT_NAME = "$(TARGET_NAME)";
				SWIFT_VERSION = 4.0;
				TARGETED_DEVICE_FAMILY = "1,2";
				TEST_HOST = "$(BUILT_PRODUCTS_DIR)/Woander.app/Woander";
			};
			name = Release;
		};
/* End XCBuildConfiguration section */

/* Begin XCConfigurationList section */
		C4A3E6901FB9BF2500567836 /* Build configuration list for PBXProject "Woander" */ = {
			isa = XCConfigurationList;
			buildConfigurations = (
				C4A3E6B01FB9BF2600567836 /* Debug */,
				C4A3E6B11FB9BF2600567836 /* Release */,
			);
			defaultConfigurationIsVisible = 0;
			defaultConfigurationName = Release;
		};
		C4A3E6B21FB9BF2600567836 /* Build configuration list for PBXNativeTarget "Woander" */ = {
			isa = XCConfigurationList;
			buildConfigurations = (
				C4A3E6B31FB9BF2600567836 /* Debug */,
				C4A3E6B41FB9BF2600567836 /* Release */,
			);
			defaultConfigurationIsVisible = 0;
			defaultConfigurationName = Release;
		};
		C4A3E6B51FB9BF2600567836 /* Build configuration list for PBXNativeTarget "WoanderTests" */ = {
			isa = XCConfigurationList;
			buildConfigurations = (
				C4A3E6B61FB9BF2600567836 /* Debug */,
				C4A3E6B71FB9BF2600567836 /* Release */,
			);
			defaultConfigurationIsVisible = 0;
			defaultConfigurationName = Release;
		};
/* End XCConfigurationList section */
	};
	rootObject = C4A3E68D1FB9BF2500567836 /* Project object */;
}
